// !$*UTF8*$!
{
	archiveVersion = 1;
	classes = {
	};
	objectVersion = 46;
	objects = {

/* Begin PBXBuildFile section */
		BB28B98D1D8063C400D066D7 /* AppDelegate.swift in Sources */ = {isa = PBXBuildFile; fileRef = BB28B98C1D8063C400D066D7 /* AppDelegate.swift */; };
		BB28B98F1D8063C400D066D7 /* Assets.xcassets in Resources */ = {isa = PBXBuildFile; fileRef = BB28B98E1D8063C400D066D7 /* Assets.xcassets */; };
		BB28B9921D8063C400D066D7 /* MainMenu.xib in Resources */ = {isa = PBXBuildFile; fileRef = BB28B9901D8063C400D066D7 /* MainMenu.xib */; };
		BB28B99B1D8063E600D066D7 /* rotate.c in Sources */ = {isa = PBXBuildFile; fileRef = BB28B99A1D8063E600D066D7 /* rotate.c */; };
/* End PBXBuildFile section */

/* Begin PBXFileReference section */
		BB28B9891D8063C400D066D7 /* RotateMacScreen.app */ = {isa = PBXFileReference; explicitFileType = wrapper.application; includeInIndex = 0; path = RotateMacScreen.app; sourceTree = BUILT_PRODUCTS_DIR; };
		BB28B98C1D8063C400D066D7 /* AppDelegate.swift */ = {isa = PBXFileReference; lastKnownFileType = sourcecode.swift; path = AppDelegate.swift; sourceTree = "<group>"; };
		BB28B98E1D8063C400D066D7 /* Assets.xcassets */ = {isa = PBXFileReference; lastKnownFileType = folder.assetcatalog; path = Assets.xcassets; sourceTree = "<group>"; };
		BB28B9911D8063C400D066D7 /* Base */ = {isa = PBXFileReference; lastKnownFileType = file.xib; name = Base; path = Base.lproj/MainMenu.xib; sourceTree = "<group>"; };
		BB28B9931D8063C400D066D7 /* Info.plist */ = {isa = PBXFileReference; lastKnownFileType = text.plist.xml; path = Info.plist; sourceTree = "<group>"; };
		BB28B9991D8063E600D066D7 /* RotateMacScreen-Bridging-Header.h */ = {isa = PBXFileReference; lastKnownFileType = sourcecode.c.h; path = "RotateMacScreen-Bridging-Header.h"; sourceTree = "<group>"; };
		BB28B99A1D8063E600D066D7 /* rotate.c */ = {isa = PBXFileReference; fileEncoding = 4; lastKnownFileType = sourcecode.c.c; path = rotate.c; sourceTree = "<group>"; };
/* End PBXFileReference section */

/* Begin PBXFrameworksBuildPhase section */
		BB28B9861D8063C400D066D7 /* Frameworks */ = {
			isa = PBXFrameworksBuildPhase;
			buildActionMask = 2147483647;
			files = (
			);
			runOnlyForDeploymentPostprocessing = 0;
		};
/* End PBXFrameworksBuildPhase section */

/* Begin PBXGroup section */
		BB28B9801D8063C400D066D7 = {
			isa = PBXGroup;
			children = (
				BB28B98B1D8063C400D066D7 /* RotateMacScreen */,
				BB28B98A1D8063C400D066D7 /* Products */,
			);
			sourceTree = "<group>";
		};
		BB28B98A1D8063C400D066D7 /* Products */ = {
			isa = PBXGroup;
			children = (
				BB28B9891D8063C400D066D7 /* RotateMacScreen.app */,
			);
			name = Products;
			sourceTree = "<group>";
		};
		BB28B98B1D8063C400D066D7 /* RotateMacScreen */ = {
			isa = PBXGroup;
			children = (
				BB28B99A1D8063E600D066D7 /* rotate.c */,
				BB28B9991D8063E600D066D7 /* RotateMacScreen-Bridging-Header.h */,
				BB28B98C1D8063C400D066D7 /* AppDelegate.swift */,
				BB28B98E1D8063C400D066D7 /* Assets.xcassets */,
				BB28B9901D8063C400D066D7 /* MainMenu.xib */,
				BB28B9931D8063C400D066D7 /* Info.plist */,
			);
			path = RotateMacScreen;
			sourceTree = "<group>";
		};
/* End PBXGroup section */

/* Begin PBXNativeTarget section */
		BB28B9881D8063C400D066D7 /* RotateMacScreen */ = {
			isa = PBXNativeTarget;
			buildConfigurationList = BB28B9961D8063C400D066D7 /* Build configuration list for PBXNativeTarget "RotateMacScreen" */;
			buildPhases = (
				BB28B9851D8063C400D066D7 /* Sources */,
				BB28B9861D8063C400D066D7 /* Frameworks */,
				BB28B9871D8063C400D066D7 /* Resources */,
			);
			buildRules = (
			);
			dependencies = (
			);
			name = RotateMacScreen;
			productName = RotateMacScreen;
			productReference = BB28B9891D8063C400D066D7 /* RotateMacScreen.app */;
			productType = "com.apple.product-type.application";
		};
/* End PBXNativeTarget section */

/* Begin PBXProject section */
		BB28B9811D8063C400D066D7 /* Project object */ = {
			isa = PBXProject;
			attributes = {
				KnownAssetTags = (
					0,
					90,
				);
				LastSwiftUpdateCheck = 0730;
				LastUpgradeCheck = 0730;
				ORGANIZATIONNAME = "Anil T V";
				TargetAttributes = {
					BB28B9881D8063C400D066D7 = {
						CreatedOnToolsVersion = 7.3;
					};
				};
			};
			buildConfigurationList = BB28B9841D8063C400D066D7 /* Build configuration list for PBXProject "RotateMacScreen" */;
			compatibilityVersion = "Xcode 3.2";
			developmentRegion = English;
			hasScannedForEncodings = 0;
			knownRegions = (
				en,
				Base,
			);
			mainGroup = BB28B9801D8063C400D066D7;
			productRefGroup = BB28B98A1D8063C400D066D7 /* Products */;
			projectDirPath = "";
			projectRoot = "";
			targets = (
				BB28B9881D8063C400D066D7 /* RotateMacScreen */,
			);
		};
/* End PBXProject section */

/* Begin PBXResourcesBuildPhase section */
		BB28B9871D8063C400D066D7 /* Resources */ = {
			isa = PBXResourcesBuildPhase;
			buildActionMask = 2147483647;
			files = (
				BB28B98F1D8063C400D066D7 /* Assets.xcassets in Resources */,
				BB28B9921D8063C400D066D7 /* MainMenu.xib in Resources */,
			);
			runOnlyForDeploymentPostprocessing = 0;
		};
/* End PBXResourcesBuildPhase section */

/* Begin PBXSourcesBuildPhase section */
		BB28B9851D8063C400D066D7 /* Sources */ = {
			isa = PBXSourcesBuildPhase;
			buildActionMask = 2147483647;
			files = (
				BB28B99B1D8063E600D066D7 /* rotate.c in Sources */,
				BB28B98D1D8063C400D066D7 /* AppDelegate.swift in Sources */,
			);
			runOnlyForDeploymentPostprocessing = 0;
		};
/* End PBXSourcesBuildPhase section */

/* Begin PBXVariantGroup section */
		BB28B9901D8063C400D066D7 /* MainMenu.xib */ = {
			isa = PBXVariantGroup;
			children = (
				BB28B9911D8063C400D066D7 /* Base */,
			);
			name = MainMenu.xib;
			sourceTree = "<group>";
		};
/* End PBXVariantGroup section */

/* Begin XCBuildConfiguration section */
		BB28B9941D8063C400D066D7 /* Debug */ = {
			isa = XCBuildConfiguration;
			buildSettings = {
				ALWAYS_SEARCH_USER_PATHS = NO;
				CLANG_ANALYZER_NONNULL = YES;
				CLANG_CXX_LANGUAGE_STANDARD = "gnu++0x";
				CLANG_CXX_LIBRARY = "libc++";
				CLANG_ENABLE_MODULES = YES;
				CLANG_ENABLE_OBJC_ARC = YES;
				CLANG_WARN_BOOL_CONVERSION = YES;
				CLANG_WARN_CONSTANT_CONVERSION = YES;
				CLANG_WARN_DIRECT_OBJC_ISA_USAGE = YES_ERROR;
				CLANG_WARN_EMPTY_BODY = YES;
				CLANG_WARN_ENUM_CONVERSION = YES;
				CLANG_WARN_INT_CONVERSION = YES;
				CLANG_WARN_OBJC_ROOT_CLASS = YES_ERROR;
				CLANG_WARN_UNREACHABLE_CODE = YES;
				CLANG_WARN__DUPLICATE_METHOD_MATCH = YES;
				CODE_SIGN_IDENTITY = "-";
				COPY_PHASE_STRIP = NO;
				DEBUG_INFORMATION_FORMAT = dwarf;
				ENABLE_STRICT_OBJC_MSGSEND = YES;
				ENABLE_TESTABILITY = YES;
				GCC_C_LANGUAGE_STANDARD = gnu99;
				GCC_DYNAMIC_NO_PIC = NO;
				GCC_NO_COMMON_BLOCKS = YES;
				GCC_OPTIMIZATION_LEVEL = 0;
				GCC_PREPROCESSOR_DEFINITIONS = (
					"DEBUG=1",
					"$(inherited)",
				);
				GCC_WARN_64_TO_32_BIT_CONVERSION = YES;
				GCC_WARN_ABOUT_RETURN_TYPE = YES_ERROR;
				GCC_WARN_UNDECLARED_SELECTOR = YES;
				GCC_WARN_UNINITIALIZED_AUTOS = YES_AGGRESSIVE;
				GCC_WARN_UNUSED_FUNCTION = YES;
				GCC_WARN_UNUSED_VARIABLE = YES;
				MACOSX_DEPLOYMENT_TARGET = 10.11;
				MTL_ENABLE_DEBUG_INFO = YES;
				ONLY_ACTIVE_ARCH = YES;
				SDKROOT = macosx;
				SWIFT_OPTIMIZATION_LEVEL = "-Onone";
			};
			name = Debug;
		};
		BB28B9951D8063C400D066D7 /* Release */ = {
			isa = XCBuildConfiguration;
			buildSettings = {
				ALWAYS_SEARCH_USER_PATHS = NO;
				CLANG_ANALYZER_NONNULL = YES;
				CLANG_CXX_LANGUAGE_STANDARD = "gnu++0x";
				CLANG_CXX_LIBRARY = "libc++";
				CLANG_ENABLE_MODULES = YES;
				CLANG_ENABLE_OBJC_ARC = YES;
				CLANG_WARN_BOOL_CONVERSION = YES;
				CLANG_WARN_CONSTANT_CONVERSION = YES;
				CLANG_WARN_DIRECT_OBJC_ISA_USAGE = YES_ERROR;
				CLANG_WARN_EMPTY_BODY = YES;
				CLANG_WARN_ENUM_CONVERSION = YES;
				CLANG_WARN_INT_CONVERSION = YES;
				CLANG_WARN_OBJC_ROOT_CLASS = YES_ERROR;
				CLANG_WARN_UNREACHABLE_CODE = YES;
				CLANG_WARN__DUPLICATE_METHOD_MATCH = YES;
				CODE_SIGN_IDENTITY = "-";
				COPY_PHASE_STRIP = NO;
				DEBUG_INFORMATION_FORMAT = "dwarf-with-dsym";
				ENABLE_NS_ASSERTIONS = NO;
				ENABLE_STRICT_OBJC_MSGSEND = YES;
				GCC_C_LANGUAGE_STANDARD = gnu99;
				GCC_NO_COMMON_BLOCKS = YES;
				GCC_WARN_64_TO_32_BIT_CONVERSION = YES;
				GCC_WARN_ABOUT_RETURN_TYPE = YES_ERROR;
				GCC_WARN_UNDECLARED_SELECTOR = YES;
				GCC_WARN_UNINITIALIZED_AUTOS = YES_AGGRESSIVE;
				GCC_WARN_UNUSED_FUNCTION = YES;
				GCC_WARN_UNUSED_VARIABLE = YES;
				MACOSX_DEPLOYMENT_TARGET = 10.11;
				MTL_ENABLE_DEBUG_INFO = NO;
				SDKROOT = macosx;
			};
			name = Release;
		};
		BB28B9971D8063C400D066D7 /* Debug */ = {
			isa = XCBuildConfiguration;
			buildSettings = {
				ASSETCATALOG_COMPILER_APPICON_NAME = AppIcon;
				CLANG_ENABLE_MODULES = YES;
				COMBINE_HIDPI_IMAGES = YES;
				INFOPLIST_FILE = RotateMacScreen/Info.plist;
				LD_RUNPATH_SEARCH_PATHS = "$(inherited) @executable_path/../Frameworks";
				PRODUCT_BUNDLE_IDENTIFIER = AnilTV.RotateMacScreen;
				PRODUCT_NAME = "$(TARGET_NAME)";
				SWIFT_OBJC_BRIDGING_HEADER = "RotateMacScreen/RotateMacScreen-Bridging-Header.h";
				SWIFT_OPTIMIZATION_LEVEL = "-Onone";
			};
			name = Debug;
		};
		BB28B9981D8063C400D066D7 /* Release */ = {
			isa = XCBuildConfiguration;
			buildSettings = {
				ASSETCATALOG_COMPILER_APPICON_NAME = AppIcon;
				CLANG_ENABLE_MODULES = YES;
				COMBINE_HIDPI_IMAGES = YES;
				INFOPLIST_FILE = RotateMacScreen/Info.plist;
				LD_RUNPATH_SEARCH_PATHS = "$(inherited) @executable_path/../Frameworks";
				PRODUCT_BUNDLE_IDENTIFIER = AnilTV.RotateMacScreen;
				PRODUCT_NAME = "$(TARGET_NAME)";
				SWIFT_OBJC_BRIDGING_HEADER = "RotateMacScreen/RotateMacScreen-Bridging-Header.h";
			};
			name = Release;
		};
/* End XCBuildConfiguration section */

/* Begin XCConfigurationList section */
		BB28B9841D8063C400D066D7 /* Build configuration list for PBXProject "RotateMacScreen" */ = {
			isa = XCConfigurationList;
			buildConfigurations = (
				BB28B9941D8063C400D066D7 /* Debug */,
				BB28B9951D8063C400D066D7 /* Release */,
			);
			defaultConfigurationIsVisible = 0;
			defaultConfigurationName = Release;
		};
		BB28B9961D8063C400D066D7 /* Build configuration list for PBXNativeTarget "RotateMacScreen" */ = {
			isa = XCConfigurationList;
			buildConfigurations = (
				BB28B9971D8063C400D066D7 /* Debug */,
				BB28B9981D8063C400D066D7 /* Release */,
			);
			defaultConfigurationIsVisible = 0;
		};
/* End XCConfigurationList section */
	};
	rootObject = BB28B9811D8063C400D066D7 /* Project object */;
}
